
Microsoft Visual Studio Solution File, Format Version 12.00
# Visual Studio Version 16
VisualStudioVersion = 16.0.30804.86
MinimumVisualStudioVersion = 10.0.40219.1
Project("{FAE04EC0-301F-11D3-BF4B-00C04F79EFBC}") = "FoodFinder_WebApp", "FoodFinder_WebApp\FoodFinder_WebApp.csproj", "{27DB8A30-BAF1-494A-A04B-0FA5C81E4628}"
EndProject
Global
	GlobalSection(SolutionConfigurationPlatforms) = preSolution
		Debug|Any CPU = Debug|Any CPU
		Release|Any CPU = Release|Any CPU
	EndGlobalSection
	GlobalSection(ProjectConfigurationPlatforms) = postSolution
		{27DB8A30-BAF1-494A-A04B-0FA5C81E4628}.Debug|Any CPU.ActiveCfg = Debug|Any CPU
		{27DB8A30-BAF1-494A-A04B-0FA5C81E4628}.Debug|Any CPU.Build.0 = Debug|Any CPU
		{27DB8A30-BAF1-494A-A04B-0FA5C81E4628}.Release|Any CPU.ActiveCfg = Release|Any CPU
		{27DB8A30-BAF1-494A-A04B-0FA5C81E4628}.Release|Any CPU.Build.0 = Release|Any CPU
	EndGlobalSection
	GlobalSection(SolutionProperties) = preSolution
		HideSolutionNode = FALSE
	EndGlobalSection
	GlobalSection(ExtensibilityGlobals) = postSolution
		SolutionGuid = {2C2E7BC5-D8F4-4B21-B9F1-66DBCE5190D4}
	EndGlobalSection
EndGlobal
